
Microsoft Visual Studio Solution File, Format Version 12.00
# Visual Studio Version 17
VisualStudioVersion = 17.3.32804.467
MinimumVisualStudioVersion = 10.0.40219.1
Project("{2150E333-8FDC-42A3-9474-1A3956D46DE8}") = "Services", "Services", "{A3561DA2-C6D3-4D43-8FC6-CA762CEADBC9}"
EndProject
Project("{2150E333-8FDC-42A3-9474-1A3956D46DE8}") = "Catalog", "Catalog", "{25223F04-B6F3-456E-8F83-D43E5B2ED414}"
EndProject
Project("{9A19103F-16F7-4668-BE54-9A1E7A4F7556}") = "Catalog.API", "Services\Catalog\Catalog.API\Catalog.API.csproj", "{BDA4F737-1419-4AC9-8C2A-1517C249239F}"
EndProject
Project("{E53339B2-1760-4266-BCC7-CA923CBCF16C}") = "docker-compose", "docker-compose.dcproj", "{BAABDE83-321D-4EB3-8968-814C625E039A}"
EndProject
Project("{2150E333-8FDC-42A3-9474-1A3956D46DE8}") = "Basket", "Basket", "{932109DD-E429-42FA-8CCA-186C82731ADB}"
EndProject
Project("{9A19103F-16F7-4668-BE54-9A1E7A4F7556}") = "Basket.API", "Services\Basket\Basket.API\Basket.API.csproj", "{C8F5555A-480A-42CF-BB5B-2EAF6610045F}"
EndProject
Project("{2150E333-8FDC-42A3-9474-1A3956D46DE8}") = "Discount", "Discount", "{4D4ABF71-7E0D-4D80-8F19-5CC1ABE08CFB}"
EndProject
Project("{9A19103F-16F7-4668-BE54-9A1E7A4F7556}") = "Discount.API", "Services\Discount\Discount.API\Discount.API.csproj", "{7848F3A7-1E86-40EA-928E-AE3F95FDEE7A}"
EndProject
Project("{9A19103F-16F7-4668-BE54-9A1E7A4F7556}") = "Discount.Grpc", "Services\Discount\Discount.Grpc\Discount.Grpc.csproj", "{E3559E67-4E68-453F-9C13-B3010B12F932}"
EndProject
Project("{2150E333-8FDC-42A3-9474-1A3956D46DE8}") = "Ordering", "Ordering", "{FC129490-E84F-4CFD-8B97-B4727BBB0A7F}"
EndProject
Project("{9A19103F-16F7-4668-BE54-9A1E7A4F7556}") = "Ordering.API", "Services\Ordering\Ordering.API\Ordering.API.csproj", "{6C0DF734-0931-45FE-8ADD-21DE352C358F}"
EndProject
Project("{9A19103F-16F7-4668-BE54-9A1E7A4F7556}") = "Ordering.Domain", "Services\Ordering\Ordering.Domain\Ordering.Domain.csproj", "{125E0597-05F9-4B24-8656-0BEC992C45F7}"
EndProject
Project("{9A19103F-16F7-4668-BE54-9A1E7A4F7556}") = "Ordering.Application", "Services\Ordering\Ordering.Application\Ordering.Application.csproj", "{F4DDE2CB-3B4D-4F85-80DB-1AF2388B5C62}"
EndProject
Project("{9A19103F-16F7-4668-BE54-9A1E7A4F7556}") = "Ordering.Infrastructure", "Services\Ordering\Ordering.Infrastructure\Ordering.Infrastructure.csproj", "{1ECF534B-2749-48A4-852D-37ADF1AFC7F6}"
EndProject
Project("{2150E333-8FDC-42A3-9474-1A3956D46DE8}") = "BuildingBlocks", "BuildingBlocks", "{149D4D66-A100-4DFD-B199-271775A142C4}"
EndProject
Project("{9A19103F-16F7-4668-BE54-9A1E7A4F7556}") = "EventBus.Messages", "BuildingBlocks\EventBus.Messages\EventBus.Messages.csproj", "{C64282D8-1DB8-4D27-9C90-1127FAF8140F}"
EndProject
Project("{2150E333-8FDC-42A3-9474-1A3956D46DE8}") = "ApiGateways", "ApiGateways", "{7BA4898B-7654-415F-A595-2F68028A23B9}"
EndProject
Project("{9A19103F-16F7-4668-BE54-9A1E7A4F7556}") = "OcelotApiGw", "ApiGateways\OcelotApiGw\OcelotApiGw.csproj", "{9BB663E6-BFE0-4E23-A9E3-148B1992AA06}"
EndProject
Project("{FAE04EC0-301F-11D3-BF4B-00C04F79EFBC}") = "Shopping.Aggregator", "ApiGateways\Shopping.Aggregator\Shopping.Aggregator.csproj", "{630B2CEC-F589-4B10-B4D5-AFEFF7D2C57A}"
EndProject
Global
	GlobalSection(SolutionConfigurationPlatforms) = preSolution
		Debug|Any CPU = Debug|Any CPU
		Release|Any CPU = Release|Any CPU
	EndGlobalSection
	GlobalSection(ProjectConfigurationPlatforms) = postSolution
		{BDA4F737-1419-4AC9-8C2A-1517C249239F}.Debug|Any CPU.ActiveCfg = Debug|Any CPU
		{BDA4F737-1419-4AC9-8C2A-1517C249239F}.Debug|Any CPU.Build.0 = Debug|Any CPU
		{BDA4F737-1419-4AC9-8C2A-1517C249239F}.Release|Any CPU.ActiveCfg = Release|Any CPU
		{BDA4F737-1419-4AC9-8C2A-1517C249239F}.Release|Any CPU.Build.0 = Release|Any CPU
		{BAABDE83-321D-4EB3-8968-814C625E039A}.Debug|Any CPU.ActiveCfg = Debug|Any CPU
		{BAABDE83-321D-4EB3-8968-814C625E039A}.Debug|Any CPU.Build.0 = Debug|Any CPU
		{BAABDE83-321D-4EB3-8968-814C625E039A}.Release|Any CPU.ActiveCfg = Release|Any CPU
		{BAABDE83-321D-4EB3-8968-814C625E039A}.Release|Any CPU.Build.0 = Release|Any CPU
		{C8F5555A-480A-42CF-BB5B-2EAF6610045F}.Debug|Any CPU.ActiveCfg = Debug|Any CPU
		{C8F5555A-480A-42CF-BB5B-2EAF6610045F}.Debug|Any CPU.Build.0 = Debug|Any CPU
		{C8F5555A-480A-42CF-BB5B-2EAF6610045F}.Release|Any CPU.ActiveCfg = Release|Any CPU
		{C8F5555A-480A-42CF-BB5B-2EAF6610045F}.Release|Any CPU.Build.0 = Release|Any CPU
		{7848F3A7-1E86-40EA-928E-AE3F95FDEE7A}.Debug|Any CPU.ActiveCfg = Debug|Any CPU
		{7848F3A7-1E86-40EA-928E-AE3F95FDEE7A}.Debug|Any CPU.Build.0 = Debug|Any CPU
		{7848F3A7-1E86-40EA-928E-AE3F95FDEE7A}.Release|Any CPU.ActiveCfg = Release|Any CPU
		{7848F3A7-1E86-40EA-928E-AE3F95FDEE7A}.Release|Any CPU.Build.0 = Release|Any CPU
		{E3559E67-4E68-453F-9C13-B3010B12F932}.Debug|Any CPU.ActiveCfg = Debug|Any CPU
		{E3559E67-4E68-453F-9C13-B3010B12F932}.Debug|Any CPU.Build.0 = Debug|Any CPU
		{E3559E67-4E68-453F-9C13-B3010B12F932}.Release|Any CPU.ActiveCfg = Release|Any CPU
		{E3559E67-4E68-453F-9C13-B3010B12F932}.Release|Any CPU.Build.0 = Release|Any CPU
		{6C0DF734-0931-45FE-8ADD-21DE352C358F}.Debug|Any CPU.ActiveCfg = Debug|Any CPU
		{6C0DF734-0931-45FE-8ADD-21DE352C358F}.Debug|Any CPU.Build.0 = Debug|Any CPU
		{6C0DF734-0931-45FE-8ADD-21DE352C358F}.Release|Any CPU.ActiveCfg = Release|Any CPU
		{6C0DF734-0931-45FE-8ADD-21DE352C358F}.Release|Any CPU.Build.0 = Release|Any CPU
		{125E0597-05F9-4B24-8656-0BEC992C45F7}.Debug|Any CPU.ActiveCfg = Debug|Any CPU
		{125E0597-05F9-4B24-8656-0BEC992C45F7}.Debug|Any CPU.Build.0 = Debug|Any CPU
		{125E0597-05F9-4B24-8656-0BEC992C45F7}.Release|Any CPU.ActiveCfg = Release|Any CPU
		{125E0597-05F9-4B24-8656-0BEC992C45F7}.Release|Any CPU.Build.0 = Release|Any CPU
		{F4DDE2CB-3B4D-4F85-80DB-1AF2388B5C62}.Debug|Any CPU.ActiveCfg = Debug|Any CPU
		{F4DDE2CB-3B4D-4F85-80DB-1AF2388B5C62}.Debug|Any CPU.Build.0 = Debug|Any CPU
		{F4DDE2CB-3B4D-4F85-80DB-1AF2388B5C62}.Release|Any CPU.ActiveCfg = Release|Any CPU
		{F4DDE2CB-3B4D-4F85-80DB-1AF2388B5C62}.Release|Any CPU.Build.0 = Release|Any CPU
		{1ECF534B-2749-48A4-852D-37ADF1AFC7F6}.Debug|Any CPU.ActiveCfg = Debug|Any CPU
		{1ECF534B-2749-48A4-852D-37ADF1AFC7F6}.Debug|Any CPU.Build.0 = Debug|Any CPU
		{1ECF534B-2749-48A4-852D-37ADF1AFC7F6}.Release|Any CPU.ActiveCfg = Release|Any CPU
		{1ECF534B-2749-48A4-852D-37ADF1AFC7F6}.Release|Any CPU.Build.0 = Release|Any CPU
		{C64282D8-1DB8-4D27-9C90-1127FAF8140F}.Debug|Any CPU.ActiveCfg = Debug|Any CPU
		{C64282D8-1DB8-4D27-9C90-1127FAF8140F}.Debug|Any CPU.Build.0 = Debug|Any CPU
		{C64282D8-1DB8-4D27-9C90-1127FAF8140F}.Release|Any CPU.ActiveCfg = Release|Any CPU
		{C64282D8-1DB8-4D27-9C90-1127FAF8140F}.Release|Any CPU.Build.0 = Release|Any CPU
		{9BB663E6-BFE0-4E23-A9E3-148B1992AA06}.Debug|Any CPU.ActiveCfg = Debug|Any CPU
		{9BB663E6-BFE0-4E23-A9E3-148B1992AA06}.Debug|Any CPU.Build.0 = Debug|Any CPU
		{9BB663E6-BFE0-4E23-A9E3-148B1992AA06}.Release|Any CPU.ActiveCfg = Release|Any CPU
		{9BB663E6-BFE0-4E23-A9E3-148B1992AA06}.Release|Any CPU.Build.0 = Release|Any CPU
		{630B2CEC-F589-4B10-B4D5-AFEFF7D2C57A}.Debug|Any CPU.ActiveCfg = Debug|Any CPU
		{630B2CEC-F589-4B10-B4D5-AFEFF7D2C57A}.Debug|Any CPU.Build.0 = Debug|Any CPU
		{630B2CEC-F589-4B10-B4D5-AFEFF7D2C57A}.Release|Any CPU.ActiveCfg = Release|Any CPU
		{630B2CEC-F589-4B10-B4D5-AFEFF7D2C57A}.Release|Any CPU.Build.0 = Release|Any CPU
	EndGlobalSection
	GlobalSection(SolutionProperties) = preSolution
		HideSolutionNode = FALSE
	EndGlobalSection
	GlobalSection(NestedProjects) = preSolution
		{25223F04-B6F3-456E-8F83-D43E5B2ED414} = {A3561DA2-C6D3-4D43-8FC6-CA762CEADBC9}
		{BDA4F737-1419-4AC9-8C2A-1517C249239F} = {25223F04-B6F3-456E-8F83-D43E5B2ED414}
		{932109DD-E429-42FA-8CCA-186C82731ADB} = {A3561DA2-C6D3-4D43-8FC6-CA762CEADBC9}
		{C8F5555A-480A-42CF-BB5B-2EAF6610045F} = {932109DD-E429-42FA-8CCA-186C82731ADB}
		{4D4ABF71-7E0D-4D80-8F19-5CC1ABE08CFB} = {A3561DA2-C6D3-4D43-8FC6-CA762CEADBC9}
		{7848F3A7-1E86-40EA-928E-AE3F95FDEE7A} = {4D4ABF71-7E0D-4D80-8F19-5CC1ABE08CFB}
		{E3559E67-4E68-453F-9C13-B3010B12F932} = {4D4ABF71-7E0D-4D80-8F19-5CC1ABE08CFB}
		{FC129490-E84F-4CFD-8B97-B4727BBB0A7F} = {A3561DA2-C6D3-4D43-8FC6-CA762CEADBC9}
		{6C0DF734-0931-45FE-8ADD-21DE352C358F} = {FC129490-E84F-4CFD-8B97-B4727BBB0A7F}
		{125E0597-05F9-4B24-8656-0BEC992C45F7} = {FC129490-E84F-4CFD-8B97-B4727BBB0A7F}
		{F4DDE2CB-3B4D-4F85-80DB-1AF2388B5C62} = {FC129490-E84F-4CFD-8B97-B4727BBB0A7F}
		{1ECF534B-2749-48A4-852D-37ADF1AFC7F6} = {FC129490-E84F-4CFD-8B97-B4727BBB0A7F}
		{C64282D8-1DB8-4D27-9C90-1127FAF8140F} = {149D4D66-A100-4DFD-B199-271775A142C4}
		{9BB663E6-BFE0-4E23-A9E3-148B1992AA06} = {7BA4898B-7654-415F-A595-2F68028A23B9}
		{630B2CEC-F589-4B10-B4D5-AFEFF7D2C57A} = {7BA4898B-7654-415F-A595-2F68028A23B9}
	EndGlobalSection
	GlobalSection(ExtensibilityGlobals) = postSolution
		SolutionGuid = {AA57574F-D8E6-4150-A4A1-0F15209ED598}
	EndGlobalSection
EndGlobal
